// !$*UTF8*$!
{
	archiveVersion = 1;
	classes = {
	};
	objectVersion = 46;
	objects = {

/* Begin PBXBuildFile section */
		F652ADF91C3DED8500DED6F0 /* HashTable.swift in Sources */ = {isa = PBXBuildFile; fileRef = F652ADF81C3DED8500DED6F0 /* HashTable.swift */; };
		F65ACF291C3C8298007E6BE9 /* main.swift in Sources */ = {isa = PBXBuildFile; fileRef = F65ACF281C3C8298007E6BE9 /* main.swift */; };
		F65ACF301C3C82C4007E6BE9 /* Node.swift in Sources */ = {isa = PBXBuildFile; fileRef = F65ACF2F1C3C82C4007E6BE9 /* Node.swift */; };
		F65ACF321C3C849D007E6BE9 /* HeadNode.swift in Sources */ = {isa = PBXBuildFile; fileRef = F65ACF311C3C849D007E6BE9 /* HeadNode.swift */; };
		F65ACF341C3C85CC007E6BE9 /* SinglyNode.swift in Sources */ = {isa = PBXBuildFile; fileRef = F65ACF331C3C85CC007E6BE9 /* SinglyNode.swift */; };
		F65ACF361C3C8743007E6BE9 /* SinglyLinkedList.swift in Sources */ = {isa = PBXBuildFile; fileRef = F65ACF351C3C8743007E6BE9 /* SinglyLinkedList.swift */; };
		F65ACF3A1C3D067C007E6BE9 /* BinarySearchTreeNode.swift in Sources */ = {isa = PBXBuildFile; fileRef = F65ACF391C3D067C007E6BE9 /* BinarySearchTreeNode.swift */; };
		F65ACF3C1C3D06A0007E6BE9 /* BinarySearchTree.swift in Sources */ = {isa = PBXBuildFile; fileRef = F65ACF3B1C3D06A0007E6BE9 /* BinarySearchTree.swift */; };
		F65ACF3E1C3DD21C007E6BE9 /* TrieNode.swift in Sources */ = {isa = PBXBuildFile; fileRef = F65ACF3D1C3DD21C007E6BE9 /* TrieNode.swift */; };
		F65ACF401C3DD28E007E6BE9 /* Trie.swift in Sources */ = {isa = PBXBuildFile; fileRef = F65ACF3F1C3DD28E007E6BE9 /* Trie.swift */; };
/* End PBXBuildFile section */

/* Begin PBXCopyFilesBuildPhase section */
		F65ACF231C3C8298007E6BE9 /* CopyFiles */ = {
			isa = PBXCopyFilesBuildPhase;
			buildActionMask = 2147483647;
			dstPath = /usr/share/man/man1/;
			dstSubfolderSpec = 0;
			files = (
			);
			runOnlyForDeploymentPostprocessing = 1;
		};
/* End PBXCopyFilesBuildPhase section */

/* Begin PBXFileReference section */
		F652ADF81C3DED8500DED6F0 /* HashTable.swift */ = {isa = PBXFileReference; fileEncoding = 4; lastKnownFileType = sourcecode.swift; path = HashTable.swift; sourceTree = "<group>"; };
		F65ACF251C3C8298007E6BE9 /* DataStructures */ = {isa = PBXFileReference; explicitFileType = "compiled.mach-o.executable"; includeInIndex = 0; path = DataStructures; sourceTree = BUILT_PRODUCTS_DIR; };
		F65ACF281C3C8298007E6BE9 /* main.swift */ = {isa = PBXFileReference; lastKnownFileType = sourcecode.swift; path = main.swift; sourceTree = "<group>"; };
		F65ACF2F1C3C82C4007E6BE9 /* Node.swift */ = {isa = PBXFileReference; fileEncoding = 4; lastKnownFileType = sourcecode.swift; path = Node.swift; sourceTree = "<group>"; };
		F65ACF311C3C849D007E6BE9 /* HeadNode.swift */ = {isa = PBXFileReference; fileEncoding = 4; lastKnownFileType = sourcecode.swift; path = HeadNode.swift; sourceTree = "<group>"; };
		F65ACF331C3C85CC007E6BE9 /* SinglyNode.swift */ = {isa = PBXFileReference; fileEncoding = 4; lastKnownFileType = sourcecode.swift; path = SinglyNode.swift; sourceTree = "<group>"; };
		F65ACF351C3C8743007E6BE9 /* SinglyLinkedList.swift */ = {isa = PBXFileReference; fileEncoding = 4; lastKnownFileType = sourcecode.swift; path = SinglyLinkedList.swift; sourceTree = "<group>"; };
		F65ACF391C3D067C007E6BE9 /* BinarySearchTreeNode.swift */ = {isa = PBXFileReference; fileEncoding = 4; lastKnownFileType = sourcecode.swift; path = BinarySearchTreeNode.swift; sourceTree = "<group>"; };
		F65ACF3B1C3D06A0007E6BE9 /* BinarySearchTree.swift */ = {isa = PBXFileReference; fileEncoding = 4; lastKnownFileType = sourcecode.swift; path = BinarySearchTree.swift; sourceTree = "<group>"; };
		F65ACF3D1C3DD21C007E6BE9 /* TrieNode.swift */ = {isa = PBXFileReference; fileEncoding = 4; lastKnownFileType = sourcecode.swift; path = TrieNode.swift; sourceTree = "<group>"; };
		F65ACF3F1C3DD28E007E6BE9 /* Trie.swift */ = {isa = PBXFileReference; fileEncoding = 4; lastKnownFileType = sourcecode.swift; path = Trie.swift; sourceTree = "<group>"; };
/* End PBXFileReference section */

/* Begin PBXFrameworksBuildPhase section */
		F65ACF221C3C8298007E6BE9 /* Frameworks */ = {
			isa = PBXFrameworksBuildPhase;
			buildActionMask = 2147483647;
			files = (
			);
			runOnlyForDeploymentPostprocessing = 0;
		};
/* End PBXFrameworksBuildPhase section */

/* Begin PBXGroup section */
		F65ACF1C1C3C8298007E6BE9 = {
			isa = PBXGroup;
			children = (
				F65ACF271C3C8298007E6BE9 /* DataStructures */,
				F65ACF261C3C8298007E6BE9 /* Products */,
			);
			sourceTree = "<group>";
		};
		F65ACF261C3C8298007E6BE9 /* Products */ = {
			isa = PBXGroup;
			children = (
				F65ACF251C3C8298007E6BE9 /* DataStructures */,
			);
			name = Products;
			sourceTree = "<group>";
		};
		F65ACF271C3C8298007E6BE9 /* DataStructures */ = {
			isa = PBXGroup;
			children = (
				F65ACF281C3C8298007E6BE9 /* main.swift */,
				F65ACF2F1C3C82C4007E6BE9 /* Node.swift */,
				F65ACF311C3C849D007E6BE9 /* HeadNode.swift */,
				F65ACF331C3C85CC007E6BE9 /* SinglyNode.swift */,
				F65ACF351C3C8743007E6BE9 /* SinglyLinkedList.swift */,
				F65ACF391C3D067C007E6BE9 /* BinarySearchTreeNode.swift */,
				F65ACF3B1C3D06A0007E6BE9 /* BinarySearchTree.swift */,
				F65ACF3D1C3DD21C007E6BE9 /* TrieNode.swift */,
				F65ACF3F1C3DD28E007E6BE9 /* Trie.swift */,
				F652ADF81C3DED8500DED6F0 /* HashTable.swift */,
			);
			path = DataStructures;
			sourceTree = "<group>";
		};
/* End PBXGroup section */

/* Begin PBXNativeTarget section */
		F65ACF241C3C8298007E6BE9 /* DataStructures */ = {
			isa = PBXNativeTarget;
			buildConfigurationList = F65ACF2C1C3C8298007E6BE9 /* Build configuration list for PBXNativeTarget "DataStructures" */;
			buildPhases = (
				F65ACF211C3C8298007E6BE9 /* Sources */,
				F65ACF221C3C8298007E6BE9 /* Frameworks */,
				F65ACF231C3C8298007E6BE9 /* CopyFiles */,
			);
			buildRules = (
			);
			dependencies = (
			);
			name = DataStructures;
			productName = DataStructures;
			productReference = F65ACF251C3C8298007E6BE9 /* DataStructures */;
			productType = "com.apple.product-type.tool";
		};
/* End PBXNativeTarget section */

/* Begin PBXProject section */
		F65ACF1D1C3C8298007E6BE9 /* Project object */ = {
			isa = PBXProject;
			attributes = {
				LastSwiftUpdateCheck = 0720;
				LastUpgradeCheck = 0720;
				ORGANIZATIONNAME = "namhee kim";
				TargetAttributes = {
					F65ACF241C3C8298007E6BE9 = {
						CreatedOnToolsVersion = 7.2;
					};
				};
			};
			buildConfigurationList = F65ACF201C3C8298007E6BE9 /* Build configuration list for PBXProject "DataStructures" */;
			compatibilityVersion = "Xcode 3.2";
			developmentRegion = English;
			hasScannedForEncodings = 0;
			knownRegions = (
				en,
			);
			mainGroup = F65ACF1C1C3C8298007E6BE9;
			productRefGroup = F65ACF261C3C8298007E6BE9 /* Products */;
			projectDirPath = "";
			projectRoot = "";
			targets = (
				F65ACF241C3C8298007E6BE9 /* DataStructures */,
			);
		};
/* End PBXProject section */

/* Begin PBXSourcesBuildPhase section */
		F65ACF211C3C8298007E6BE9 /* Sources */ = {
			isa = PBXSourcesBuildPhase;
			buildActionMask = 2147483647;
			files = (
				F65ACF3A1C3D067C007E6BE9 /* BinarySearchTreeNode.swift in Sources */,
				F65ACF361C3C8743007E6BE9 /* SinglyLinkedList.swift in Sources */,
				F652ADF91C3DED8500DED6F0 /* HashTable.swift in Sources */,
				F65ACF291C3C8298007E6BE9 /* main.swift in Sources */,
				F65ACF401C3DD28E007E6BE9 /* Trie.swift in Sources */,
				F65ACF3E1C3DD21C007E6BE9 /* TrieNode.swift in Sources */,
				F65ACF3C1C3D06A0007E6BE9 /* BinarySearchTree.swift in Sources */,
				F65ACF321C3C849D007E6BE9 /* HeadNode.swift in Sources */,
				F65ACF301C3C82C4007E6BE9 /* Node.swift in Sources */,
				F65ACF341C3C85CC007E6BE9 /* SinglyNode.swift in Sources */,
			);
			runOnlyForDeploymentPostprocessing = 0;
		};
/* End PBXSourcesBuildPhase section */

/* Begin XCBuildConfiguration section */
		F65ACF2A1C3C8298007E6BE9 /* Debug */ = {
			isa = XCBuildConfiguration;
			buildSettings = {
				ALWAYS_SEARCH_USER_PATHS = NO;
				CLANG_CXX_LANGUAGE_STANDARD = "gnu++0x";
				CLANG_CXX_LIBRARY = "libc++";
				CLANG_ENABLE_MODULES = YES;
				CLANG_ENABLE_OBJC_ARC = YES;
				CLANG_WARN_BOOL_CONVERSION = YES;
				CLANG_WARN_CONSTANT_CONVERSION = YES;
				CLANG_WARN_DIRECT_OBJC_ISA_USAGE = YES_ERROR;
				CLANG_WARN_EMPTY_BODY = YES;
				CLANG_WARN_ENUM_CONVERSION = YES;
				CLANG_WARN_INT_CONVERSION = YES;
				CLANG_WARN_OBJC_ROOT_CLASS = YES_ERROR;
				CLANG_WARN_UNREACHABLE_CODE = YES;
				CLANG_WARN__DUPLICATE_METHOD_MATCH = YES;
				CODE_SIGN_IDENTITY = "-";
				COPY_PHASE_STRIP = NO;
				DEBUG_INFORMATION_FORMAT = dwarf;
				ENABLE_STRICT_OBJC_MSGSEND = YES;
				ENABLE_TESTABILITY = YES;
				GCC_C_LANGUAGE_STANDARD = gnu99;
				GCC_DYNAMIC_NO_PIC = NO;
				GCC_NO_COMMON_BLOCKS = YES;
				GCC_OPTIMIZATION_LEVEL = 0;
				GCC_PREPROCESSOR_DEFINITIONS = (
					"DEBUG=1",
					"$(inherited)",
				);
				GCC_WARN_64_TO_32_BIT_CONVERSION = YES;
				GCC_WARN_ABOUT_RETURN_TYPE = YES_ERROR;
				GCC_WARN_UNDECLARED_SELECTOR = YES;
				GCC_WARN_UNINITIALIZED_AUTOS = YES_AGGRESSIVE;
				GCC_WARN_UNUSED_FUNCTION = YES;
				GCC_WARN_UNUSED_VARIABLE = YES;
				MACOSX_DEPLOYMENT_TARGET = 10.10;
				MTL_ENABLE_DEBUG_INFO = YES;
				ONLY_ACTIVE_ARCH = YES;
				SDKROOT = macosx;
				SWIFT_OPTIMIZATION_LEVEL = "-Onone";
			};
			name = Debug;
		};
		F65ACF2B1C3C8298007E6BE9 /* Release */ = {
			isa = XCBuildConfiguration;
			buildSettings = {
				ALWAYS_SEARCH_USER_PATHS = NO;
				CLANG_CXX_LANGUAGE_STANDARD = "gnu++0x";
				CLANG_CXX_LIBRARY = "libc++";
				CLANG_ENABLE_MODULES = YES;
				CLANG_ENABLE_OBJC_ARC = YES;
				CLANG_WARN_BOOL_CONVERSION = YES;
				CLANG_WARN_CONSTANT_CONVERSION = YES;
				CLANG_WARN_DIRECT_OBJC_ISA_USAGE = YES_ERROR;
				CLANG_WARN_EMPTY_BODY = YES;
				CLANG_WARN_ENUM_CONVERSION = YES;
				CLANG_WARN_INT_CONVERSION = YES;
				CLANG_WARN_OBJC_ROOT_CLASS = YES_ERROR;
				CLANG_WARN_UNREACHABLE_CODE = YES;
				CLANG_WARN__DUPLICATE_METHOD_MATCH = YES;
				CODE_SIGN_IDENTITY = "-";
				COPY_PHASE_STRIP = NO;
				DEBUG_INFORMATION_FORMAT = "dwarf-with-dsym";
				ENABLE_NS_ASSERTIONS = NO;
				ENABLE_STRICT_OBJC_MSGSEND = YES;
				GCC_C_LANGUAGE_STANDARD = gnu99;
				GCC_NO_COMMON_BLOCKS = YES;
				GCC_WARN_64_TO_32_BIT_CONVERSION = YES;
				GCC_WARN_ABOUT_RETURN_TYPE = YES_ERROR;
				GCC_WARN_UNDECLARED_SELECTOR = YES;
				GCC_WARN_UNINITIALIZED_AUTOS = YES_AGGRESSIVE;
				GCC_WARN_UNUSED_FUNCTION = YES;
				GCC_WARN_UNUSED_VARIABLE = YES;
				MACOSX_DEPLOYMENT_TARGET = 10.10;
				MTL_ENABLE_DEBUG_INFO = NO;
				SDKROOT = macosx;
			};
			name = Release;
		};
		F65ACF2D1C3C8298007E6BE9 /* Debug */ = {
			isa = XCBuildConfiguration;
			buildSettings = {
				PRODUCT_NAME = "$(TARGET_NAME)";
			};
			name = Debug;
		};
		F65ACF2E1C3C8298007E6BE9 /* Release */ = {
			isa = XCBuildConfiguration;
			buildSettings = {
				PRODUCT_NAME = "$(TARGET_NAME)";
			};
			name = Release;
		};
/* End XCBuildConfiguration section */

/* Begin XCConfigurationList section */
		F65ACF201C3C8298007E6BE9 /* Build configuration list for PBXProject "DataStructures" */ = {
			isa = XCConfigurationList;
			buildConfigurations = (
				F65ACF2A1C3C8298007E6BE9 /* Debug */,
				F65ACF2B1C3C8298007E6BE9 /* Release */,
			);
			defaultConfigurationIsVisible = 0;
			defaultConfigurationName = Release;
		};
		F65ACF2C1C3C8298007E6BE9 /* Build configuration list for PBXNativeTarget "DataStructures" */ = {
			isa = XCConfigurationList;
			buildConfigurations = (
				F65ACF2D1C3C8298007E6BE9 /* Debug */,
				F65ACF2E1C3C8298007E6BE9 /* Release */,
			);
			defaultConfigurationIsVisible = 0;
			defaultConfigurationName = Release;
		};
/* End XCConfigurationList section */
	};
	rootObject = F65ACF1D1C3C8298007E6BE9 /* Project object */;
}
